// !$*UTF8*$!
{
	archiveVersion = 1;
	classes = {
	};
	objectVersion = 50;
	objects = {

/* Begin PBXBuildFile section */
		2526D7B124032B9E0074A9A4 /* UICollectionViewController+Ext.swift in Sources */ = {isa = PBXBuildFile; fileRef = 2526D7B024032B9E0074A9A4 /* UICollectionViewController+Ext.swift */; };
		2526D7B3240332930074A9A4 /* RepositoryCollectionViewCell.swift in Sources */ = {isa = PBXBuildFile; fileRef = 2526D7B2240332930074A9A4 /* RepositoryCollectionViewCell.swift */; };
		2526D7B62403389B0074A9A4 /* UILabel+Ext.swift in Sources */ = {isa = PBXBuildFile; fileRef = 2526D7B52403389B0074A9A4 /* UILabel+Ext.swift */; };
		2526D7B92403F1F10074A9A4 /* GHTabBarController.swift in Sources */ = {isa = PBXBuildFile; fileRef = 2526D7B82403F1F10074A9A4 /* GHTabBarController.swift */; };
		2526D7BB2403F4810074A9A4 /* RepositoryService.swift in Sources */ = {isa = PBXBuildFile; fileRef = 2526D7BA2403F4810074A9A4 /* RepositoryService.swift */; };
		2526D7BF2403F9060074A9A4 /* RepositoryViewModel.swift in Sources */ = {isa = PBXBuildFile; fileRef = 2526D7BE2403F9060074A9A4 /* RepositoryViewModel.swift */; };
		2526D7C224041F8F0074A9A4 /* FooterLoaderCell.swift in Sources */ = {isa = PBXBuildFile; fileRef = 2526D7C124041F8F0074A9A4 /* FooterLoaderCell.swift */; };
		2526D7CF24047ADE0074A9A4 /* PullRequestCollectionViewController.swift in Sources */ = {isa = PBXBuildFile; fileRef = 2526D7CE24047ADE0074A9A4 /* PullRequestCollectionViewController.swift */; };
		2526D7D1240498350074A9A4 /* PullRequestCollectionViewCell.swift in Sources */ = {isa = PBXBuildFile; fileRef = 2526D7D0240498350074A9A4 /* PullRequestCollectionViewCell.swift */; };
		2526D7D32404A8C10074A9A4 /* GHSubtitleLabel.swift in Sources */ = {isa = PBXBuildFile; fileRef = 2526D7D22404A8C10074A9A4 /* GHSubtitleLabel.swift */; };
		2526D7D524055A4E0074A9A4 /* DefaultPullRequestService.swift in Sources */ = {isa = PBXBuildFile; fileRef = 2526D7D424055A4E0074A9A4 /* DefaultPullRequestService.swift */; };
		2526D7D724055B190074A9A4 /* DefaultPullRequestViewModel.swift in Sources */ = {isa = PBXBuildFile; fileRef = 2526D7D624055B190074A9A4 /* DefaultPullRequestViewModel.swift */; };
		2526D7D924055BB40074A9A4 /* PullRequestViewModel.swift in Sources */ = {isa = PBXBuildFile; fileRef = 2526D7D824055BB40074A9A4 /* PullRequestViewModel.swift */; };
		2526D7DB24055C9A0074A9A4 /* PullRequestService.swift in Sources */ = {isa = PBXBuildFile; fileRef = 2526D7DA24055C9A0074A9A4 /* PullRequestService.swift */; };
		2526D7DD24057E510074A9A4 /* PullRequest.swift in Sources */ = {isa = PBXBuildFile; fileRef = 2526D7DC24057E510074A9A4 /* PullRequest.swift */; };
		254EB025240072FF004A4E11 /* NetworkManager.swift in Sources */ = {isa = PBXBuildFile; fileRef = 254EB024240072FF004A4E11 /* NetworkManager.swift */; };
		254EB02B2400742B004A4E11 /* CodeView.swift in Sources */ = {isa = PBXBuildFile; fileRef = 254EB02A2400742B004A4E11 /* CodeView.swift */; };
		254EB02F240077D6004A4E11 /* GHAvatarImageView.swift in Sources */ = {isa = PBXBuildFile; fileRef = 254EB02E240077D6004A4E11 /* GHAvatarImageView.swift */; };
		254EB031240079C2004A4E11 /* UIView+Ext.swift in Sources */ = {isa = PBXBuildFile; fileRef = 254EB030240079C2004A4E11 /* UIView+Ext.swift */; };
		255D6F7A2403279F00419359 /* UIViewController+Ext.swift in Sources */ = {isa = PBXBuildFile; fileRef = 255D6F792403279F00419359 /* UIViewController+Ext.swift */; };
		257DC6CD24059C6C00051554 /* PullRequestViewModelItem.swift in Sources */ = {isa = PBXBuildFile; fileRef = 257DC6CC24059C6C00051554 /* PullRequestViewModelItem.swift */; };
		257DC6CF24059DBB00051554 /* Date+Ext.swift in Sources */ = {isa = PBXBuildFile; fileRef = 257DC6CE24059DBB00051554 /* Date+Ext.swift */; };
		25CE7C0C2400472400A54079 /* AppDelegate.swift in Sources */ = {isa = PBXBuildFile; fileRef = 25CE7C0B2400472400A54079 /* AppDelegate.swift */; };
		25CE7C0E2400472400A54079 /* SceneDelegate.swift in Sources */ = {isa = PBXBuildFile; fileRef = 25CE7C0D2400472400A54079 /* SceneDelegate.swift */; };
		25CE7C102400472400A54079 /* RepositoriesCollectionViewController.swift in Sources */ = {isa = PBXBuildFile; fileRef = 25CE7C0F2400472400A54079 /* RepositoriesCollectionViewController.swift */; };
		25CE7C152400472700A54079 /* Assets.xcassets in Resources */ = {isa = PBXBuildFile; fileRef = 25CE7C142400472700A54079 /* Assets.xcassets */; };
		25CE7C182400472700A54079 /* LaunchScreen.storyboard in Resources */ = {isa = PBXBuildFile; fileRef = 25CE7C162400472700A54079 /* LaunchScreen.storyboard */; };
		25CE7C232400472700A54079 /* ios_base_architectureTests.swift in Sources */ = {isa = PBXBuildFile; fileRef = 25CE7C222400472700A54079 /* ios_base_architectureTests.swift */; };
		25CE7C2E2400472700A54079 /* ios_base_architectureUITests.swift in Sources */ = {isa = PBXBuildFile; fileRef = 25CE7C2D2400472700A54079 /* ios_base_architectureUITests.swift */; };
		25CE7C3F240068A400A54079 /* CustomNavigationController.swift in Sources */ = {isa = PBXBuildFile; fileRef = 25CE7C3E240068A400A54079 /* CustomNavigationController.swift */; };
		25E77D1B2400ADEF00239F40 /* GHBodyLabel.swift in Sources */ = {isa = PBXBuildFile; fileRef = 25E77D1A2400ADEF00239F40 /* GHBodyLabel.swift */; };
		25E77D1D2400AF3C00239F40 /* GHTitleLabel.swift in Sources */ = {isa = PBXBuildFile; fileRef = 25E77D1C2400AF3C00239F40 /* GHTitleLabel.swift */; };
		25E77D1F2400B57A00239F40 /* GHSecondaryLabel.swift in Sources */ = {isa = PBXBuildFile; fileRef = 25E77D1E2400B57A00239F40 /* GHSecondaryLabel.swift */; };
		25E77D21240174A100239F40 /* RepositoryInfoView.swift in Sources */ = {isa = PBXBuildFile; fileRef = 25E77D20240174A100239F40 /* RepositoryInfoView.swift */; };
		25E77D2324017A9500239F40 /* GHSeparatorView.swift in Sources */ = {isa = PBXBuildFile; fileRef = 25E77D2224017A9500239F40 /* GHSeparatorView.swift */; };
		25E77D252401821D00239F40 /* String+Ext.swift in Sources */ = {isa = PBXBuildFile; fileRef = 25E77D242401821D00239F40 /* String+Ext.swift */; };
		25E77D282401973400239F40 /* Enum.swift in Sources */ = {isa = PBXBuildFile; fileRef = 25E77D272401973400239F40 /* Enum.swift */; };
		25E77D2A2401D14900239F40 /* Repository.swift in Sources */ = {isa = PBXBuildFile; fileRef = 25E77D292401D14900239F40 /* Repository.swift */; };
		25E77D2C2401F64700239F40 /* RepositoryViewModelItem.swift in Sources */ = {isa = PBXBuildFile; fileRef = 25E77D2B2401F64700239F40 /* RepositoryViewModelItem.swift */; };
		25E77D2F2401FBF700239F40 /* DefaultRepositoryViewModel.swift in Sources */ = {isa = PBXBuildFile; fileRef = 25E77D2E2401FBF700239F40 /* DefaultRepositoryViewModel.swift */; };
		25E77D312401FD8900239F40 /* DefaultRepositoryService.swift in Sources */ = {isa = PBXBuildFile; fileRef = 25E77D302401FD8900239F40 /* DefaultRepositoryService.swift */; };
/* End PBXBuildFile section */

/* Begin PBXContainerItemProxy section */
		25CE7C1F2400472700A54079 /* PBXContainerItemProxy */ = {
			isa = PBXContainerItemProxy;
			containerPortal = 25CE7C002400472400A54079 /* Project object */;
			proxyType = 1;
			remoteGlobalIDString = 25CE7C072400472400A54079;
			remoteInfo = "ios-base-architecture";
		};
		25CE7C2A2400472700A54079 /* PBXContainerItemProxy */ = {
			isa = PBXContainerItemProxy;
			containerPortal = 25CE7C002400472400A54079 /* Project object */;
			proxyType = 1;
			remoteGlobalIDString = 25CE7C072400472400A54079;
			remoteInfo = "ios-base-architecture";
		};
/* End PBXContainerItemProxy section */

/* Begin PBXFileReference section */
		2526D7B024032B9E0074A9A4 /* UICollectionViewController+Ext.swift */ = {isa = PBXFileReference; lastKnownFileType = sourcecode.swift; path = "UICollectionViewController+Ext.swift"; sourceTree = "<group>"; };
		2526D7B2240332930074A9A4 /* RepositoryCollectionViewCell.swift */ = {isa = PBXFileReference; lastKnownFileType = sourcecode.swift; path = RepositoryCollectionViewCell.swift; sourceTree = "<group>"; };
		2526D7B52403389B0074A9A4 /* UILabel+Ext.swift */ = {isa = PBXFileReference; lastKnownFileType = sourcecode.swift; path = "UILabel+Ext.swift"; sourceTree = "<group>"; };
		2526D7B82403F1F10074A9A4 /* GHTabBarController.swift */ = {isa = PBXFileReference; lastKnownFileType = sourcecode.swift; path = GHTabBarController.swift; sourceTree = "<group>"; };
		2526D7BA2403F4810074A9A4 /* RepositoryService.swift */ = {isa = PBXFileReference; lastKnownFileType = sourcecode.swift; path = RepositoryService.swift; sourceTree = "<group>"; };
		2526D7BE2403F9060074A9A4 /* RepositoryViewModel.swift */ = {isa = PBXFileReference; lastKnownFileType = sourcecode.swift; path = RepositoryViewModel.swift; sourceTree = "<group>"; };
		2526D7C124041F8F0074A9A4 /* FooterLoaderCell.swift */ = {isa = PBXFileReference; lastKnownFileType = sourcecode.swift; path = FooterLoaderCell.swift; sourceTree = "<group>"; };
		2526D7CE24047ADE0074A9A4 /* PullRequestCollectionViewController.swift */ = {isa = PBXFileReference; lastKnownFileType = sourcecode.swift; path = PullRequestCollectionViewController.swift; sourceTree = "<group>"; };
		2526D7D0240498350074A9A4 /* PullRequestCollectionViewCell.swift */ = {isa = PBXFileReference; lastKnownFileType = sourcecode.swift; path = PullRequestCollectionViewCell.swift; sourceTree = "<group>"; };
		2526D7D22404A8C10074A9A4 /* GHSubtitleLabel.swift */ = {isa = PBXFileReference; lastKnownFileType = sourcecode.swift; path = GHSubtitleLabel.swift; sourceTree = "<group>"; };
		2526D7D424055A4E0074A9A4 /* DefaultPullRequestService.swift */ = {isa = PBXFileReference; lastKnownFileType = sourcecode.swift; path = DefaultPullRequestService.swift; sourceTree = "<group>"; };
		2526D7D624055B190074A9A4 /* DefaultPullRequestViewModel.swift */ = {isa = PBXFileReference; lastKnownFileType = sourcecode.swift; path = DefaultPullRequestViewModel.swift; sourceTree = "<group>"; };
		2526D7D824055BB40074A9A4 /* PullRequestViewModel.swift */ = {isa = PBXFileReference; lastKnownFileType = sourcecode.swift; path = PullRequestViewModel.swift; sourceTree = "<group>"; };
		2526D7DA24055C9A0074A9A4 /* PullRequestService.swift */ = {isa = PBXFileReference; lastKnownFileType = sourcecode.swift; path = PullRequestService.swift; sourceTree = "<group>"; };
		2526D7DC24057E510074A9A4 /* PullRequest.swift */ = {isa = PBXFileReference; lastKnownFileType = sourcecode.swift; path = PullRequest.swift; sourceTree = "<group>"; };
		254EB024240072FF004A4E11 /* NetworkManager.swift */ = {isa = PBXFileReference; lastKnownFileType = sourcecode.swift; path = NetworkManager.swift; sourceTree = "<group>"; };
		254EB02A2400742B004A4E11 /* CodeView.swift */ = {isa = PBXFileReference; lastKnownFileType = sourcecode.swift; path = CodeView.swift; sourceTree = "<group>"; };
		254EB02E240077D6004A4E11 /* GHAvatarImageView.swift */ = {isa = PBXFileReference; lastKnownFileType = sourcecode.swift; path = GHAvatarImageView.swift; sourceTree = "<group>"; };
		254EB030240079C2004A4E11 /* UIView+Ext.swift */ = {isa = PBXFileReference; fileEncoding = 4; lastKnownFileType = sourcecode.swift; path = "UIView+Ext.swift"; sourceTree = "<group>"; };
		255D6F792403279F00419359 /* UIViewController+Ext.swift */ = {isa = PBXFileReference; lastKnownFileType = sourcecode.swift; path = "UIViewController+Ext.swift"; sourceTree = "<group>"; };
		257DC6CC24059C6C00051554 /* PullRequestViewModelItem.swift */ = {isa = PBXFileReference; lastKnownFileType = sourcecode.swift; path = PullRequestViewModelItem.swift; sourceTree = "<group>"; };
		257DC6CE24059DBB00051554 /* Date+Ext.swift */ = {isa = PBXFileReference; lastKnownFileType = sourcecode.swift; path = "Date+Ext.swift"; sourceTree = "<group>"; };
		25CE7C082400472400A54079 /* GHProjects.app */ = {isa = PBXFileReference; explicitFileType = wrapper.application; includeInIndex = 0; path = GHProjects.app; sourceTree = BUILT_PRODUCTS_DIR; };
		25CE7C0B2400472400A54079 /* AppDelegate.swift */ = {isa = PBXFileReference; lastKnownFileType = sourcecode.swift; path = AppDelegate.swift; sourceTree = "<group>"; };
		25CE7C0D2400472400A54079 /* SceneDelegate.swift */ = {isa = PBXFileReference; lastKnownFileType = sourcecode.swift; path = SceneDelegate.swift; sourceTree = "<group>"; };
		25CE7C0F2400472400A54079 /* RepositoriesCollectionViewController.swift */ = {isa = PBXFileReference; lastKnownFileType = sourcecode.swift; path = RepositoriesCollectionViewController.swift; sourceTree = "<group>"; };
		25CE7C142400472700A54079 /* Assets.xcassets */ = {isa = PBXFileReference; lastKnownFileType = folder.assetcatalog; path = Assets.xcassets; sourceTree = "<group>"; };
		25CE7C172400472700A54079 /* Base */ = {isa = PBXFileReference; lastKnownFileType = file.storyboard; name = Base; path = Base.lproj/LaunchScreen.storyboard; sourceTree = "<group>"; };
		25CE7C192400472700A54079 /* Info.plist */ = {isa = PBXFileReference; lastKnownFileType = text.plist.xml; path = Info.plist; sourceTree = "<group>"; };
		25CE7C1E2400472700A54079 /* ios-base-architectureTests.xctest */ = {isa = PBXFileReference; explicitFileType = wrapper.cfbundle; includeInIndex = 0; path = "ios-base-architectureTests.xctest"; sourceTree = BUILT_PRODUCTS_DIR; };
		25CE7C222400472700A54079 /* ios_base_architectureTests.swift */ = {isa = PBXFileReference; lastKnownFileType = sourcecode.swift; path = ios_base_architectureTests.swift; sourceTree = "<group>"; };
		25CE7C242400472700A54079 /* Info.plist */ = {isa = PBXFileReference; lastKnownFileType = text.plist.xml; path = Info.plist; sourceTree = "<group>"; };
		25CE7C292400472700A54079 /* ios-base-architectureUITests.xctest */ = {isa = PBXFileReference; explicitFileType = wrapper.cfbundle; includeInIndex = 0; path = "ios-base-architectureUITests.xctest"; sourceTree = BUILT_PRODUCTS_DIR; };
		25CE7C2D2400472700A54079 /* ios_base_architectureUITests.swift */ = {isa = PBXFileReference; lastKnownFileType = sourcecode.swift; path = ios_base_architectureUITests.swift; sourceTree = "<group>"; };
		25CE7C2F2400472700A54079 /* Info.plist */ = {isa = PBXFileReference; lastKnownFileType = text.plist.xml; path = Info.plist; sourceTree = "<group>"; };
		25CE7C3E240068A400A54079 /* CustomNavigationController.swift */ = {isa = PBXFileReference; lastKnownFileType = sourcecode.swift; path = CustomNavigationController.swift; sourceTree = "<group>"; };
		25E77D1A2400ADEF00239F40 /* GHBodyLabel.swift */ = {isa = PBXFileReference; lastKnownFileType = sourcecode.swift; path = GHBodyLabel.swift; sourceTree = "<group>"; };
		25E77D1C2400AF3C00239F40 /* GHTitleLabel.swift */ = {isa = PBXFileReference; lastKnownFileType = sourcecode.swift; path = GHTitleLabel.swift; sourceTree = "<group>"; };
		25E77D1E2400B57A00239F40 /* GHSecondaryLabel.swift */ = {isa = PBXFileReference; lastKnownFileType = sourcecode.swift; path = GHSecondaryLabel.swift; sourceTree = "<group>"; };
		25E77D20240174A100239F40 /* RepositoryInfoView.swift */ = {isa = PBXFileReference; lastKnownFileType = sourcecode.swift; path = RepositoryInfoView.swift; sourceTree = "<group>"; };
		25E77D2224017A9500239F40 /* GHSeparatorView.swift */ = {isa = PBXFileReference; lastKnownFileType = sourcecode.swift; path = GHSeparatorView.swift; sourceTree = "<group>"; };
		25E77D242401821D00239F40 /* String+Ext.swift */ = {isa = PBXFileReference; lastKnownFileType = sourcecode.swift; path = "String+Ext.swift"; sourceTree = "<group>"; };
		25E77D272401973400239F40 /* Enum.swift */ = {isa = PBXFileReference; lastKnownFileType = sourcecode.swift; path = Enum.swift; sourceTree = "<group>"; };
		25E77D292401D14900239F40 /* Repository.swift */ = {isa = PBXFileReference; lastKnownFileType = sourcecode.swift; path = Repository.swift; sourceTree = "<group>"; };
		25E77D2B2401F64700239F40 /* RepositoryViewModelItem.swift */ = {isa = PBXFileReference; lastKnownFileType = sourcecode.swift; path = RepositoryViewModelItem.swift; sourceTree = "<group>"; };
		25E77D2E2401FBF700239F40 /* DefaultRepositoryViewModel.swift */ = {isa = PBXFileReference; lastKnownFileType = sourcecode.swift; path = DefaultRepositoryViewModel.swift; sourceTree = "<group>"; };
		25E77D302401FD8900239F40 /* DefaultRepositoryService.swift */ = {isa = PBXFileReference; lastKnownFileType = sourcecode.swift; path = DefaultRepositoryService.swift; sourceTree = "<group>"; };
/* End PBXFileReference section */

/* Begin PBXFrameworksBuildPhase section */
		25CE7C052400472400A54079 /* Frameworks */ = {
			isa = PBXFrameworksBuildPhase;
			buildActionMask = 2147483647;
			files = (
			);
			runOnlyForDeploymentPostprocessing = 0;
		};
		25CE7C1B2400472700A54079 /* Frameworks */ = {
			isa = PBXFrameworksBuildPhase;
			buildActionMask = 2147483647;
			files = (
			);
			runOnlyForDeploymentPostprocessing = 0;
		};
		25CE7C262400472700A54079 /* Frameworks */ = {
			isa = PBXFrameworksBuildPhase;
			buildActionMask = 2147483647;
			files = (
			);
			runOnlyForDeploymentPostprocessing = 0;
		};
/* End PBXFrameworksBuildPhase section */

/* Begin PBXGroup section */
		2526D7BC2403F4880074A9A4 /* Protocol */ = {
			isa = PBXGroup;
			children = (
				2526D7BA2403F4810074A9A4 /* RepositoryService.swift */,
			);
			name = Protocol;
			sourceTree = "<group>";
		};
		2526D7BD2403F8E30074A9A4 /* Protocol */ = {
			isa = PBXGroup;
			children = (
				2526D7BE2403F9060074A9A4 /* RepositoryViewModel.swift */,
			);
			name = Protocol;
			sourceTree = "<group>";
		};
		2526D7C024041F7C0074A9A4 /* Cells */ = {
			isa = PBXGroup;
			children = (
				2526D7C124041F8F0074A9A4 /* FooterLoaderCell.swift */,
			);
			path = Cells;
			sourceTree = "<group>";
		};
		2526D7C424046F660074A9A4 /* PullRequest */ = {
			isa = PBXGroup;
			children = (
				2526D7C624046F8C0074A9A4 /* Detail */,
				2526D7C524046F830074A9A4 /* List */,
			);
			name = PullRequest;
			sourceTree = "<group>";
		};
		2526D7C524046F830074A9A4 /* List */ = {
			isa = PBXGroup;
			children = (
				2526D7CA240470200074A9A4 /* Service */,
				2526D7C92404701A0074A9A4 /* Model */,
				2526D7C8240470150074A9A4 /* View */,
				2526D7C72404700B0074A9A4 /* ViewModel */,
			);
			name = List;
			sourceTree = "<group>";
		};
		2526D7C624046F8C0074A9A4 /* Detail */ = {
			isa = PBXGroup;
			children = (
			);
			name = Detail;
			sourceTree = "<group>";
		};
		2526D7C72404700B0074A9A4 /* ViewModel */ = {
			isa = PBXGroup;
			children = (
				257DC6CB24059C5B00051554 /* Protocol */,
				2526D7D624055B190074A9A4 /* DefaultPullRequestViewModel.swift */,
				257DC6CC24059C6C00051554 /* PullRequestViewModelItem.swift */,
			);
			name = ViewModel;
			sourceTree = "<group>";
		};
		2526D7C8240470150074A9A4 /* View */ = {
			isa = PBXGroup;
			children = (
				2526D7CC2404703C0074A9A4 /* Cells */,
				2526D7CB2404702A0074A9A4 /* Controller */,
			);
			name = View;
			sourceTree = "<group>";
		};
		2526D7C92404701A0074A9A4 /* Model */ = {
			isa = PBXGroup;
			children = (
				2526D7DC24057E510074A9A4 /* PullRequest.swift */,
			);
			name = Model;
			sourceTree = "<group>";
		};
		2526D7CA240470200074A9A4 /* Service */ = {
			isa = PBXGroup;
			children = (
				2526D7DA24055C9A0074A9A4 /* PullRequestService.swift */,
				2526D7D424055A4E0074A9A4 /* DefaultPullRequestService.swift */,
			);
			name = Service;
			sourceTree = "<group>";
		};
		2526D7CB2404702A0074A9A4 /* Controller */ = {
			isa = PBXGroup;
			children = (
				2526D7CE24047ADE0074A9A4 /* PullRequestCollectionViewController.swift */,
			);
			name = Controller;
			sourceTree = "<group>";
		};
		2526D7CC2404703C0074A9A4 /* Cells */ = {
			isa = PBXGroup;
			children = (
				2526D7D0240498350074A9A4 /* PullRequestCollectionViewCell.swift */,
			);
			name = Cells;
			sourceTree = "<group>";
		};
		2526D7CD2404707D0074A9A4 /* Views */ = {
			isa = PBXGroup;
			children = (
				25E77D20240174A100239F40 /* RepositoryInfoView.swift */,
			);
			path = Views;
			sourceTree = "<group>";
		};
		254EB01E24007259004A4E11 /* Repositories */ = {
			isa = PBXGroup;
			children = (
				254EB0262400734F004A4E11 /* View */,
				254EB0222400729B004A4E11 /* Service */,
				254EB0202400728D004A4E11 /* ViewModel */,
				254EB01F24007284004A4E11 /* Model */,
			);
			name = Repositories;
			sourceTree = "<group>";
		};
		254EB01F24007284004A4E11 /* Model */ = {
			isa = PBXGroup;
			children = (
				25E77D292401D14900239F40 /* Repository.swift */,
			);
			name = Model;
			sourceTree = "<group>";
		};
		254EB0202400728D004A4E11 /* ViewModel */ = {
			isa = PBXGroup;
			children = (
				2526D7BD2403F8E30074A9A4 /* Protocol */,
				25E77D2B2401F64700239F40 /* RepositoryViewModelItem.swift */,
				25E77D2E2401FBF700239F40 /* DefaultRepositoryViewModel.swift */,
			);
			name = ViewModel;
			sourceTree = "<group>";
		};
		254EB02124007296004A4E11 /* Controller */ = {
			isa = PBXGroup;
			children = (
				25CE7C0F2400472400A54079 /* RepositoriesCollectionViewController.swift */,
			);
			name = Controller;
			sourceTree = "<group>";
		};
		254EB0222400729B004A4E11 /* Service */ = {
			isa = PBXGroup;
			children = (
				2526D7BC2403F4880074A9A4 /* Protocol */,
				25E77D302401FD8900239F40 /* DefaultRepositoryService.swift */,
			);
			name = Service;
			sourceTree = "<group>";
		};
		254EB023240072DC004A4E11 /* Manager */ = {
			isa = PBXGroup;
			children = (
				254EB024240072FF004A4E11 /* NetworkManager.swift */,
			);
			path = Manager;
			sourceTree = "<group>";
		};
		254EB0262400734F004A4E11 /* View */ = {
			isa = PBXGroup;
			children = (
				254EB0272400735F004A4E11 /* Cells */,
				254EB02124007296004A4E11 /* Controller */,
			);
			name = View;
			sourceTree = "<group>";
		};
		254EB0272400735F004A4E11 /* Cells */ = {
			isa = PBXGroup;
			children = (
				2526D7B2240332930074A9A4 /* RepositoryCollectionViewCell.swift */,
			);
			name = Cells;
			sourceTree = "<group>";
		};
		254EB028240073DF004A4E11 /* Utilities */ = {
			isa = PBXGroup;
			children = (
				25E77D262401972700239F40 /* Enum */,
				254EB029240073F2004A4E11 /* Protocols */,
			);
			path = Utilities;
			sourceTree = "<group>";
		};
		254EB029240073F2004A4E11 /* Protocols */ = {
			isa = PBXGroup;
			children = (
				254EB02A2400742B004A4E11 /* CodeView.swift */,
			);
			path = Protocols;
			sourceTree = "<group>";
		};
		254EB02C2400746C004A4E11 /* Extension */ = {
			isa = PBXGroup;
			children = (
				254EB030240079C2004A4E11 /* UIView+Ext.swift */,
				25E77D242401821D00239F40 /* String+Ext.swift */,
				255D6F792403279F00419359 /* UIViewController+Ext.swift */,
				2526D7B024032B9E0074A9A4 /* UICollectionViewController+Ext.swift */,
				2526D7B52403389B0074A9A4 /* UILabel+Ext.swift */,
				257DC6CE24059DBB00051554 /* Date+Ext.swift */,
			);
			path = Extension;
			sourceTree = "<group>";
		};
		254EB02D240077B3004A4E11 /* ImageView */ = {
			isa = PBXGroup;
			children = (
				254EB02E240077D6004A4E11 /* GHAvatarImageView.swift */,
			);
			path = ImageView;
			sourceTree = "<group>";
		};
		257DC6CB24059C5B00051554 /* Protocol */ = {
			isa = PBXGroup;
			children = (
				2526D7D824055BB40074A9A4 /* PullRequestViewModel.swift */,
			);
			name = Protocol;
			sourceTree = "<group>";
		};
		25CE7BFF2400472400A54079 = {
			isa = PBXGroup;
			children = (
				25CE7C0A2400472400A54079 /* ios-base-architecture */,
				25CE7C212400472700A54079 /* ios-base-architectureTests */,
				25CE7C2C2400472700A54079 /* ios-base-architectureUITests */,
				25CE7C092400472400A54079 /* Products */,
			);
			sourceTree = "<group>";
		};
		25CE7C092400472400A54079 /* Products */ = {
			isa = PBXGroup;
			children = (
				25CE7C082400472400A54079 /* GHProjects.app */,
				25CE7C1E2400472700A54079 /* ios-base-architectureTests.xctest */,
				25CE7C292400472700A54079 /* ios-base-architectureUITests.xctest */,
			);
			name = Products;
			sourceTree = "<group>";
		};
		25CE7C0A2400472400A54079 /* ios-base-architecture */ = {
			isa = PBXGroup;
			children = (
				254EB02C2400746C004A4E11 /* Extension */,
				254EB028240073DF004A4E11 /* Utilities */,
				254EB023240072DC004A4E11 /* Manager */,
				25CE7C402400695C00A54079 /* Support */,
				25CE7C3C2400685300A54079 /* Features */,
				25CE7C3B2400683A00A54079 /* CustomViews */,
				25CE7C192400472700A54079 /* Info.plist */,
			);
			path = "ios-base-architecture";
			sourceTree = "<group>";
		};
		25CE7C212400472700A54079 /* ios-base-architectureTests */ = {
			isa = PBXGroup;
			children = (
				25CE7C222400472700A54079 /* ios_base_architectureTests.swift */,
				25CE7C242400472700A54079 /* Info.plist */,
			);
			path = "ios-base-architectureTests";
			sourceTree = "<group>";
		};
		25CE7C2C2400472700A54079 /* ios-base-architectureUITests */ = {
			isa = PBXGroup;
			children = (
				25CE7C2D2400472700A54079 /* ios_base_architectureUITests.swift */,
				25CE7C2F2400472700A54079 /* Info.plist */,
			);
			path = "ios-base-architectureUITests";
			sourceTree = "<group>";
		};
		25CE7C3B2400683A00A54079 /* CustomViews */ = {
			isa = PBXGroup;
			children = (
				2526D7CD2404707D0074A9A4 /* Views */,
				2526D7C024041F7C0074A9A4 /* Cells */,
				25E77D192400ADDC00239F40 /* Label */,
				254EB02D240077B3004A4E11 /* ImageView */,
				25CE7C3D2400688F00A54079 /* Controllers */,
			);
			path = CustomViews;
			sourceTree = "<group>";
		};
		25CE7C3C2400685300A54079 /* Features */ = {
			isa = PBXGroup;
			children = (
				2526D7C424046F660074A9A4 /* PullRequest */,
				254EB01E24007259004A4E11 /* Repositories */,
			);
			path = Features;
			sourceTree = "<group>";
		};
		25CE7C3D2400688F00A54079 /* Controllers */ = {
			isa = PBXGroup;
			children = (
				25CE7C3E240068A400A54079 /* CustomNavigationController.swift */,
				2526D7B82403F1F10074A9A4 /* GHTabBarController.swift */,
			);
			path = Controllers;
			sourceTree = "<group>";
		};
		25CE7C402400695C00A54079 /* Support */ = {
			isa = PBXGroup;
			children = (
				25CE7C0B2400472400A54079 /* AppDelegate.swift */,
				25CE7C0D2400472400A54079 /* SceneDelegate.swift */,
				25CE7C142400472700A54079 /* Assets.xcassets */,
				25CE7C162400472700A54079 /* LaunchScreen.storyboard */,
			);
			path = Support;
			sourceTree = "<group>";
		};
		25E77D192400ADDC00239F40 /* Label */ = {
			isa = PBXGroup;
			children = (
				25E77D1A2400ADEF00239F40 /* GHBodyLabel.swift */,
				25E77D1C2400AF3C00239F40 /* GHTitleLabel.swift */,
				2526D7D22404A8C10074A9A4 /* GHSubtitleLabel.swift */,
				25E77D1E2400B57A00239F40 /* GHSecondaryLabel.swift */,
				25E77D2224017A9500239F40 /* GHSeparatorView.swift */,
			);
			path = Label;
			sourceTree = "<group>";
		};
		25E77D262401972700239F40 /* Enum */ = {
			isa = PBXGroup;
			children = (
				25E77D272401973400239F40 /* Enum.swift */,
			);
			path = Enum;
			sourceTree = "<group>";
		};
/* End PBXGroup section */

/* Begin PBXNativeTarget section */
		25CE7C072400472400A54079 /* ios-base-architecture */ = {
			isa = PBXNativeTarget;
			buildConfigurationList = 25CE7C322400472700A54079 /* Build configuration list for PBXNativeTarget "ios-base-architecture" */;
			buildPhases = (
				25CE7C042400472400A54079 /* Sources */,
				25CE7C052400472400A54079 /* Frameworks */,
				25CE7C062400472400A54079 /* Resources */,
			);
			buildRules = (
			);
			dependencies = (
			);
			name = "ios-base-architecture";
			productName = "ios-base-architecture";
			productReference = 25CE7C082400472400A54079 /* GHProjects.app */;
			productType = "com.apple.product-type.application";
		};
		25CE7C1D2400472700A54079 /* ios-base-architectureTests */ = {
			isa = PBXNativeTarget;
			buildConfigurationList = 25CE7C352400472700A54079 /* Build configuration list for PBXNativeTarget "ios-base-architectureTests" */;
			buildPhases = (
				25CE7C1A2400472700A54079 /* Sources */,
				25CE7C1B2400472700A54079 /* Frameworks */,
				25CE7C1C2400472700A54079 /* Resources */,
			);
			buildRules = (
			);
			dependencies = (
				25CE7C202400472700A54079 /* PBXTargetDependency */,
			);
			name = "ios-base-architectureTests";
			productName = "ios-base-architectureTests";
			productReference = 25CE7C1E2400472700A54079 /* ios-base-architectureTests.xctest */;
			productType = "com.apple.product-type.bundle.unit-test";
		};
		25CE7C282400472700A54079 /* ios-base-architectureUITests */ = {
			isa = PBXNativeTarget;
			buildConfigurationList = 25CE7C382400472700A54079 /* Build configuration list for PBXNativeTarget "ios-base-architectureUITests" */;
			buildPhases = (
				25CE7C252400472700A54079 /* Sources */,
				25CE7C262400472700A54079 /* Frameworks */,
				25CE7C272400472700A54079 /* Resources */,
			);
			buildRules = (
			);
			dependencies = (
				25CE7C2B2400472700A54079 /* PBXTargetDependency */,
			);
			name = "ios-base-architectureUITests";
			productName = "ios-base-architectureUITests";
			productReference = 25CE7C292400472700A54079 /* ios-base-architectureUITests.xctest */;
			productType = "com.apple.product-type.bundle.ui-testing";
		};
/* End PBXNativeTarget section */

/* Begin PBXProject section */
		25CE7C002400472400A54079 /* Project object */ = {
			isa = PBXProject;
			attributes = {
				LastSwiftUpdateCheck = 1130;
				LastUpgradeCheck = 1130;
				ORGANIZATIONNAME = PEBMED;
				TargetAttributes = {
					25CE7C072400472400A54079 = {
						CreatedOnToolsVersion = 11.3;
					};
					25CE7C1D2400472700A54079 = {
						CreatedOnToolsVersion = 11.3;
						TestTargetID = 25CE7C072400472400A54079;
					};
					25CE7C282400472700A54079 = {
						CreatedOnToolsVersion = 11.3;
						TestTargetID = 25CE7C072400472400A54079;
					};
				};
			};
			buildConfigurationList = 25CE7C032400472400A54079 /* Build configuration list for PBXProject "ios-base-architecture" */;
			compatibilityVersion = "Xcode 9.3";
			developmentRegion = en;
			hasScannedForEncodings = 0;
			knownRegions = (
				en,
				Base,
			);
			mainGroup = 25CE7BFF2400472400A54079;
			productRefGroup = 25CE7C092400472400A54079 /* Products */;
			projectDirPath = "";
			projectRoot = "";
			targets = (
				25CE7C072400472400A54079 /* ios-base-architecture */,
				25CE7C1D2400472700A54079 /* ios-base-architectureTests */,
				25CE7C282400472700A54079 /* ios-base-architectureUITests */,
			);
		};
/* End PBXProject section */

/* Begin PBXResourcesBuildPhase section */
		25CE7C062400472400A54079 /* Resources */ = {
			isa = PBXResourcesBuildPhase;
			buildActionMask = 2147483647;
			files = (
				25CE7C182400472700A54079 /* LaunchScreen.storyboard in Resources */,
				25CE7C152400472700A54079 /* Assets.xcassets in Resources */,
			);
			runOnlyForDeploymentPostprocessing = 0;
		};
		25CE7C1C2400472700A54079 /* Resources */ = {
			isa = PBXResourcesBuildPhase;
			buildActionMask = 2147483647;
			files = (
			);
			runOnlyForDeploymentPostprocessing = 0;
		};
		25CE7C272400472700A54079 /* Resources */ = {
			isa = PBXResourcesBuildPhase;
			buildActionMask = 2147483647;
			files = (
			);
			runOnlyForDeploymentPostprocessing = 0;
		};
/* End PBXResourcesBuildPhase section */

/* Begin PBXSourcesBuildPhase section */
		25CE7C042400472400A54079 /* Sources */ = {
			isa = PBXSourcesBuildPhase;
			buildActionMask = 2147483647;
			files = (
				254EB031240079C2004A4E11 /* UIView+Ext.swift in Sources */,
				25E77D252401821D00239F40 /* String+Ext.swift in Sources */,
				2526D7B62403389B0074A9A4 /* UILabel+Ext.swift in Sources */,
				25CE7C3F240068A400A54079 /* CustomNavigationController.swift in Sources */,
				254EB02F240077D6004A4E11 /* GHAvatarImageView.swift in Sources */,
				25CE7C102400472400A54079 /* RepositoriesCollectionViewController.swift in Sources */,
				254EB025240072FF004A4E11 /* NetworkManager.swift in Sources */,
				2526D7D724055B190074A9A4 /* DefaultPullRequestViewModel.swift in Sources */,
				254EB02B2400742B004A4E11 /* CodeView.swift in Sources */,
				25E77D21240174A100239F40 /* RepositoryInfoView.swift in Sources */,
				2526D7CF24047ADE0074A9A4 /* PullRequestCollectionViewController.swift in Sources */,
				25E77D282401973400239F40 /* Enum.swift in Sources */,
				25E77D312401FD8900239F40 /* DefaultRepositoryService.swift in Sources */,
				25E77D1B2400ADEF00239F40 /* GHBodyLabel.swift in Sources */,
				257DC6CD24059C6C00051554 /* PullRequestViewModelItem.swift in Sources */,
				25E77D2C2401F64700239F40 /* RepositoryViewModelItem.swift in Sources */,
				25CE7C0C2400472400A54079 /* AppDelegate.swift in Sources */,
				2526D7C224041F8F0074A9A4 /* FooterLoaderCell.swift in Sources */,
				2526D7BF2403F9060074A9A4 /* RepositoryViewModel.swift in Sources */,
				2526D7D32404A8C10074A9A4 /* GHSubtitleLabel.swift in Sources */,
				25E77D2A2401D14900239F40 /* Repository.swift in Sources */,
				2526D7B3240332930074A9A4 /* RepositoryCollectionViewCell.swift in Sources */,
				2526D7BB2403F4810074A9A4 /* RepositoryService.swift in Sources */,
				25E77D1D2400AF3C00239F40 /* GHTitleLabel.swift in Sources */,
				2526D7DD24057E510074A9A4 /* PullRequest.swift in Sources */,
				255D6F7A2403279F00419359 /* UIViewController+Ext.swift in Sources */,
				2526D7B92403F1F10074A9A4 /* GHTabBarController.swift in Sources */,
				2526D7D524055A4E0074A9A4 /* DefaultPullRequestService.swift in Sources */,
				25E77D2F2401FBF700239F40 /* DefaultRepositoryViewModel.swift in Sources */,
				25CE7C0E2400472400A54079 /* SceneDelegate.swift in Sources */,
				257DC6CF24059DBB00051554 /* Date+Ext.swift in Sources */,
				2526D7B124032B9E0074A9A4 /* UICollectionViewController+Ext.swift in Sources */,
				25E77D2324017A9500239F40 /* GHSeparatorView.swift in Sources */,
				25E77D1F2400B57A00239F40 /* GHSecondaryLabel.swift in Sources */,
				2526D7D924055BB40074A9A4 /* PullRequestViewModel.swift in Sources */,
				2526D7DB24055C9A0074A9A4 /* PullRequestService.swift in Sources */,
				2526D7D1240498350074A9A4 /* PullRequestCollectionViewCell.swift in Sources */,
			);
			runOnlyForDeploymentPostprocessing = 0;
		};
		25CE7C1A2400472700A54079 /* Sources */ = {
			isa = PBXSourcesBuildPhase;
			buildActionMask = 2147483647;
			files = (
				25CE7C232400472700A54079 /* ios_base_architectureTests.swift in Sources */,
			);
			runOnlyForDeploymentPostprocessing = 0;
		};
		25CE7C252400472700A54079 /* Sources */ = {
			isa = PBXSourcesBuildPhase;
			buildActionMask = 2147483647;
			files = (
				25CE7C2E2400472700A54079 /* ios_base_architectureUITests.swift in Sources */,
			);
			runOnlyForDeploymentPostprocessing = 0;
		};
/* End PBXSourcesBuildPhase section */

/* Begin PBXTargetDependency section */
		25CE7C202400472700A54079 /* PBXTargetDependency */ = {
			isa = PBXTargetDependency;
			target = 25CE7C072400472400A54079 /* ios-base-architecture */;
			targetProxy = 25CE7C1F2400472700A54079 /* PBXContainerItemProxy */;
		};
		25CE7C2B2400472700A54079 /* PBXTargetDependency */ = {
			isa = PBXTargetDependency;
			target = 25CE7C072400472400A54079 /* ios-base-architecture */;
			targetProxy = 25CE7C2A2400472700A54079 /* PBXContainerItemProxy */;
		};
/* End PBXTargetDependency section */

/* Begin PBXVariantGroup section */
		25CE7C162400472700A54079 /* LaunchScreen.storyboard */ = {
			isa = PBXVariantGroup;
			children = (
				25CE7C172400472700A54079 /* Base */,
			);
			name = LaunchScreen.storyboard;
			sourceTree = "<group>";
		};
/* End PBXVariantGroup section */

/* Begin XCBuildConfiguration section */
		25CE7C302400472700A54079 /* Debug */ = {
			isa = XCBuildConfiguration;
			buildSettings = {
				ALWAYS_SEARCH_USER_PATHS = NO;
				CLANG_ANALYZER_NONNULL = YES;
				CLANG_ANALYZER_NUMBER_OBJECT_CONVERSION = YES_AGGRESSIVE;
				CLANG_CXX_LANGUAGE_STANDARD = "gnu++14";
				CLANG_CXX_LIBRARY = "libc++";
				CLANG_ENABLE_MODULES = YES;
				CLANG_ENABLE_OBJC_ARC = YES;
				CLANG_ENABLE_OBJC_WEAK = YES;
				CLANG_WARN_BLOCK_CAPTURE_AUTORELEASING = YES;
				CLANG_WARN_BOOL_CONVERSION = YES;
				CLANG_WARN_COMMA = YES;
				CLANG_WARN_CONSTANT_CONVERSION = YES;
				CLANG_WARN_DEPRECATED_OBJC_IMPLEMENTATIONS = YES;
				CLANG_WARN_DIRECT_OBJC_ISA_USAGE = YES_ERROR;
				CLANG_WARN_DOCUMENTATION_COMMENTS = YES;
				CLANG_WARN_EMPTY_BODY = YES;
				CLANG_WARN_ENUM_CONVERSION = YES;
				CLANG_WARN_INFINITE_RECURSION = YES;
				CLANG_WARN_INT_CONVERSION = YES;
				CLANG_WARN_NON_LITERAL_NULL_CONVERSION = YES;
				CLANG_WARN_OBJC_IMPLICIT_RETAIN_SELF = YES;
				CLANG_WARN_OBJC_LITERAL_CONVERSION = YES;
				CLANG_WARN_OBJC_ROOT_CLASS = YES_ERROR;
				CLANG_WARN_RANGE_LOOP_ANALYSIS = YES;
				CLANG_WARN_STRICT_PROTOTYPES = YES;
				CLANG_WARN_SUSPICIOUS_MOVE = YES;
				CLANG_WARN_UNGUARDED_AVAILABILITY = YES_AGGRESSIVE;
				CLANG_WARN_UNREACHABLE_CODE = YES;
				CLANG_WARN__DUPLICATE_METHOD_MATCH = YES;
				COPY_PHASE_STRIP = NO;
				DEBUG_INFORMATION_FORMAT = dwarf;
				ENABLE_STRICT_OBJC_MSGSEND = YES;
				ENABLE_TESTABILITY = YES;
				GCC_C_LANGUAGE_STANDARD = gnu11;
				GCC_DYNAMIC_NO_PIC = NO;
				GCC_NO_COMMON_BLOCKS = YES;
				GCC_OPTIMIZATION_LEVEL = 0;
				GCC_PREPROCESSOR_DEFINITIONS = (
					"DEBUG=1",
					"$(inherited)",
				);
				GCC_WARN_64_TO_32_BIT_CONVERSION = YES;
				GCC_WARN_ABOUT_RETURN_TYPE = YES_ERROR;
				GCC_WARN_UNDECLARED_SELECTOR = YES;
				GCC_WARN_UNINITIALIZED_AUTOS = YES_AGGRESSIVE;
				GCC_WARN_UNUSED_FUNCTION = YES;
				GCC_WARN_UNUSED_VARIABLE = YES;
				IPHONEOS_DEPLOYMENT_TARGET = 13.2;
				MTL_ENABLE_DEBUG_INFO = INCLUDE_SOURCE;
				MTL_FAST_MATH = YES;
				ONLY_ACTIVE_ARCH = YES;
				SDKROOT = iphoneos;
				SWIFT_ACTIVE_COMPILATION_CONDITIONS = DEBUG;
				SWIFT_OPTIMIZATION_LEVEL = "-Onone";
			};
			name = Debug;
		};
		25CE7C312400472700A54079 /* Release */ = {
			isa = XCBuildConfiguration;
			buildSettings = {
				ALWAYS_SEARCH_USER_PATHS = NO;
				CLANG_ANALYZER_NONNULL = YES;
				CLANG_ANALYZER_NUMBER_OBJECT_CONVERSION = YES_AGGRESSIVE;
				CLANG_CXX_LANGUAGE_STANDARD = "gnu++14";
				CLANG_CXX_LIBRARY = "libc++";
				CLANG_ENABLE_MODULES = YES;
				CLANG_ENABLE_OBJC_ARC = YES;
				CLANG_ENABLE_OBJC_WEAK = YES;
				CLANG_WARN_BLOCK_CAPTURE_AUTORELEASING = YES;
				CLANG_WARN_BOOL_CONVERSION = YES;
				CLANG_WARN_COMMA = YES;
				CLANG_WARN_CONSTANT_CONVERSION = YES;
				CLANG_WARN_DEPRECATED_OBJC_IMPLEMENTATIONS = YES;
				CLANG_WARN_DIRECT_OBJC_ISA_USAGE = YES_ERROR;
				CLANG_WARN_DOCUMENTATION_COMMENTS = YES;
				CLANG_WARN_EMPTY_BODY = YES;
				CLANG_WARN_ENUM_CONVERSION = YES;
				CLANG_WARN_INFINITE_RECURSION = YES;
				CLANG_WARN_INT_CONVERSION = YES;
				CLANG_WARN_NON_LITERAL_NULL_CONVERSION = YES;
				CLANG_WARN_OBJC_IMPLICIT_RETAIN_SELF = YES;
				CLANG_WARN_OBJC_LITERAL_CONVERSION = YES;
				CLANG_WARN_OBJC_ROOT_CLASS = YES_ERROR;
				CLANG_WARN_RANGE_LOOP_ANALYSIS = YES;
				CLANG_WARN_STRICT_PROTOTYPES = YES;
				CLANG_WARN_SUSPICIOUS_MOVE = YES;
				CLANG_WARN_UNGUARDED_AVAILABILITY = YES_AGGRESSIVE;
				CLANG_WARN_UNREACHABLE_CODE = YES;
				CLANG_WARN__DUPLICATE_METHOD_MATCH = YES;
				COPY_PHASE_STRIP = NO;
				DEBUG_INFORMATION_FORMAT = "dwarf-with-dsym";
				ENABLE_NS_ASSERTIONS = NO;
				ENABLE_STRICT_OBJC_MSGSEND = YES;
				GCC_C_LANGUAGE_STANDARD = gnu11;
				GCC_NO_COMMON_BLOCKS = YES;
				GCC_WARN_64_TO_32_BIT_CONVERSION = YES;
				GCC_WARN_ABOUT_RETURN_TYPE = YES_ERROR;
				GCC_WARN_UNDECLARED_SELECTOR = YES;
				GCC_WARN_UNINITIALIZED_AUTOS = YES_AGGRESSIVE;
				GCC_WARN_UNUSED_FUNCTION = YES;
				GCC_WARN_UNUSED_VARIABLE = YES;
				IPHONEOS_DEPLOYMENT_TARGET = 13.2;
				MTL_ENABLE_DEBUG_INFO = NO;
				MTL_FAST_MATH = YES;
				SDKROOT = iphoneos;
				SWIFT_COMPILATION_MODE = wholemodule;
				SWIFT_OPTIMIZATION_LEVEL = "-O";
				VALIDATE_PRODUCT = YES;
			};
			name = Release;
		};
		25CE7C332400472700A54079 /* Debug */ = {
			isa = XCBuildConfiguration;
			buildSettings = {
				ASSETCATALOG_COMPILER_APPICON_NAME = AppIcon;
				CODE_SIGN_STYLE = Automatic;
				DEVELOPMENT_TEAM = 7VX4BB4FYN;
				INFOPLIST_FILE = "ios-base-architecture/Info.plist";
				LD_RUNPATH_SEARCH_PATHS = (
					"$(inherited)",
					"@executable_path/Frameworks",
				);
				PRODUCT_BUNDLE_IDENTIFIER = "PEBMED.ios-base-architecture";
				PRODUCT_NAME = GHProjects;
				SWIFT_VERSION = 5.0;
				TARGETED_DEVICE_FAMILY = "1,2";
			};
			name = Debug;
		};
		25CE7C342400472700A54079 /* Release */ = {
			isa = XCBuildConfiguration;
			buildSettings = {
				ASSETCATALOG_COMPILER_APPICON_NAME = AppIcon;
				CODE_SIGN_STYLE = Automatic;
				DEVELOPMENT_TEAM = 7VX4BB4FYN;
				INFOPLIST_FILE = "ios-base-architecture/Info.plist";
				LD_RUNPATH_SEARCH_PATHS = (
					"$(inherited)",
					"@executable_path/Frameworks",
				);
				PRODUCT_BUNDLE_IDENTIFIER = "PEBMED.ios-base-architecture";
				PRODUCT_NAME = GHProjects;
				SWIFT_VERSION = 5.0;
				TARGETED_DEVICE_FAMILY = "1,2";
			};
			name = Release;
		};
		25CE7C362400472700A54079 /* Debug */ = {
			isa = XCBuildConfiguration;
			buildSettings = {
				ALWAYS_EMBED_SWIFT_STANDARD_LIBRARIES = YES;
				BUNDLE_LOADER = "$(TEST_HOST)";
				CODE_SIGN_STYLE = Automatic;
				DEVELOPMENT_TEAM = 7VX4BB4FYN;
				INFOPLIST_FILE = "ios-base-architectureTests/Info.plist";
				IPHONEOS_DEPLOYMENT_TARGET = 13.2;
				LD_RUNPATH_SEARCH_PATHS = (
					"$(inherited)",
					"@executable_path/Frameworks",
					"@loader_path/Frameworks",
				);
				PRODUCT_BUNDLE_IDENTIFIER = "PEBMED.ios-base-architectureTests";
				PRODUCT_NAME = "$(TARGET_NAME)";
				SWIFT_VERSION = 5.0;
				TARGETED_DEVICE_FAMILY = "1,2";
				TEST_HOST = "$(BUILT_PRODUCTS_DIR)/ios-base-architecture.app/ios-base-architecture";
			};
			name = Debug;
		};
		25CE7C372400472700A54079 /* Release */ = {
			isa = XCBuildConfiguration;
			buildSettings = {
				ALWAYS_EMBED_SWIFT_STANDARD_LIBRARIES = YES;
				BUNDLE_LOADER = "$(TEST_HOST)";
				CODE_SIGN_STYLE = Automatic;
				DEVELOPMENT_TEAM = 7VX4BB4FYN;
				INFOPLIST_FILE = "ios-base-architectureTests/Info.plist";
				IPHONEOS_DEPLOYMENT_TARGET = 13.2;
				LD_RUNPATH_SEARCH_PATHS = (
					"$(inherited)",
					"@executable_path/Frameworks",
					"@loader_path/Frameworks",
				);
				PRODUCT_BUNDLE_IDENTIFIER = "PEBMED.ios-base-architectureTests";
				PRODUCT_NAME = "$(TARGET_NAME)";
				SWIFT_VERSION = 5.0;
				TARGETED_DEVICE_FAMILY = "1,2";
				TEST_HOST = "$(BUILT_PRODUCTS_DIR)/ios-base-architecture.app/ios-base-architecture";
			};
			name = Release;
		};
		25CE7C392400472700A54079 /* Debug */ = {
			isa = XCBuildConfiguration;
			buildSettings = {
				ALWAYS_EMBED_SWIFT_STANDARD_LIBRARIES = YES;
				CODE_SIGN_STYLE = Automatic;
				DEVELOPMENT_TEAM = 7VX4BB4FYN;
				INFOPLIST_FILE = "ios-base-architectureUITests/Info.plist";
				LD_RUNPATH_SEARCH_PATHS = (
					"$(inherited)",
					"@executable_path/Frameworks",
					"@loader_path/Frameworks",
				);
				PRODUCT_BUNDLE_IDENTIFIER = "PEBMED.ios-base-architectureUITests";
				PRODUCT_NAME = "$(TARGET_NAME)";
				SWIFT_VERSION = 5.0;
				TARGETED_DEVICE_FAMILY = "1,2";
				TEST_TARGET_NAME = "ios-base-architecture";
			};
			name = Debug;
		};
		25CE7C3A2400472700A54079 /* Release */ = {
			isa = XCBuildConfiguration;
			buildSettings = {
				ALWAYS_EMBED_SWIFT_STANDARD_LIBRARIES = YES;
				CODE_SIGN_STYLE = Automatic;
				DEVELOPMENT_TEAM = 7VX4BB4FYN;
				INFOPLIST_FILE = "ios-base-architectureUITests/Info.plist";
				LD_RUNPATH_SEARCH_PATHS = (
					"$(inherited)",
					"@executable_path/Frameworks",
					"@loader_path/Frameworks",
				);
				PRODUCT_BUNDLE_IDENTIFIER = "PEBMED.ios-base-architectureUITests";
				PRODUCT_NAME = "$(TARGET_NAME)";
				SWIFT_VERSION = 5.0;
				TARGETED_DEVICE_FAMILY = "1,2";
				TEST_TARGET_NAME = "ios-base-architecture";
			};
			name = Release;
		};
/* End XCBuildConfiguration section */

/* Begin XCConfigurationList section */
		25CE7C032400472400A54079 /* Build configuration list for PBXProject "ios-base-architecture" */ = {
			isa = XCConfigurationList;
			buildConfigurations = (
				25CE7C302400472700A54079 /* Debug */,
				25CE7C312400472700A54079 /* Release */,
			);
			defaultConfigurationIsVisible = 0;
			defaultConfigurationName = Release;
		};
		25CE7C322400472700A54079 /* Build configuration list for PBXNativeTarget "ios-base-architecture" */ = {
			isa = XCConfigurationList;
			buildConfigurations = (
				25CE7C332400472700A54079 /* Debug */,
				25CE7C342400472700A54079 /* Release */,
			);
			defaultConfigurationIsVisible = 0;
			defaultConfigurationName = Release;
		};
		25CE7C352400472700A54079 /* Build configuration list for PBXNativeTarget "ios-base-architectureTests" */ = {
			isa = XCConfigurationList;
			buildConfigurations = (
				25CE7C362400472700A54079 /* Debug */,
				25CE7C372400472700A54079 /* Release */,
			);
			defaultConfigurationIsVisible = 0;
			defaultConfigurationName = Release;
		};
		25CE7C382400472700A54079 /* Build configuration list for PBXNativeTarget "ios-base-architectureUITests" */ = {
			isa = XCConfigurationList;
			buildConfigurations = (
				25CE7C392400472700A54079 /* Debug */,
				25CE7C3A2400472700A54079 /* Release */,
			);
			defaultConfigurationIsVisible = 0;
			defaultConfigurationName = Release;
		};
/* End XCConfigurationList section */
	};
	rootObject = 25CE7C002400472400A54079 /* Project object */;
}
